
Microsoft Visual Studio Solution File, Format Version 12.00
# Visual Studio Version 16
VisualStudioVersion = 16.0.30114.105
MinimumVisualStudioVersion = 10.0.40219.1
Project("{FAE04EC0-301F-11D3-BF4B-00C04F79EFBC}") = "API", "API\API.csproj", "{34877315-30F2-497A-8D5D-8EF24893D35D}"
EndProject
Project("{FAE04EC0-301F-11D3-BF4B-00C04F79EFBC}") = "Application", "Application\Application.csproj", "{9484E065-1C4F-4AEC-9A5C-02A5FEFA7CD3}"
EndProject
Project("{FAE04EC0-301F-11D3-BF4B-00C04F79EFBC}") = "Persistence", "Persistence\Persistence.csproj", "{B175DD06-58F3-4942-88CA-E8DAF01323E3}"
EndProject
Project("{FAE04EC0-301F-11D3-BF4B-00C04F79EFBC}") = "Domain", "Domain\Domain.csproj", "{CE421ED4-0B12-4766-BF95-BA1B9169290B}"
EndProject
Global
	GlobalSection(SolutionConfigurationPlatforms) = preSolution
		Debug|Any CPU = Debug|Any CPU
		Release|Any CPU = Release|Any CPU
	EndGlobalSection
	GlobalSection(SolutionProperties) = preSolution
		HideSolutionNode = FALSE
	EndGlobalSection
	GlobalSection(ProjectConfigurationPlatforms) = postSolution
		{34877315-30F2-497A-8D5D-8EF24893D35D}.Debug|Any CPU.ActiveCfg = Debug|Any CPU
		{34877315-30F2-497A-8D5D-8EF24893D35D}.Debug|Any CPU.Build.0 = Debug|Any CPU
		{34877315-30F2-497A-8D5D-8EF24893D35D}.Release|Any CPU.ActiveCfg = Release|Any CPU
		{34877315-30F2-497A-8D5D-8EF24893D35D}.Release|Any CPU.Build.0 = Release|Any CPU
		{9484E065-1C4F-4AEC-9A5C-02A5FEFA7CD3}.Debug|Any CPU.ActiveCfg = Debug|Any CPU
		{9484E065-1C4F-4AEC-9A5C-02A5FEFA7CD3}.Debug|Any CPU.Build.0 = Debug|Any CPU
		{9484E065-1C4F-4AEC-9A5C-02A5FEFA7CD3}.Release|Any CPU.ActiveCfg = Release|Any CPU
		{9484E065-1C4F-4AEC-9A5C-02A5FEFA7CD3}.Release|Any CPU.Build.0 = Release|Any CPU
		{B175DD06-58F3-4942-88CA-E8DAF01323E3}.Debug|Any CPU.ActiveCfg = Debug|Any CPU
		{B175DD06-58F3-4942-88CA-E8DAF01323E3}.Debug|Any CPU.Build.0 = Debug|Any CPU
		{B175DD06-58F3-4942-88CA-E8DAF01323E3}.Release|Any CPU.ActiveCfg = Release|Any CPU
		{B175DD06-58F3-4942-88CA-E8DAF01323E3}.Release|Any CPU.Build.0 = Release|Any CPU
		{CE421ED4-0B12-4766-BF95-BA1B9169290B}.Debug|Any CPU.ActiveCfg = Debug|Any CPU
		{CE421ED4-0B12-4766-BF95-BA1B9169290B}.Debug|Any CPU.Build.0 = Debug|Any CPU
		{CE421ED4-0B12-4766-BF95-BA1B9169290B}.Release|Any CPU.ActiveCfg = Release|Any CPU
		{CE421ED4-0B12-4766-BF95-BA1B9169290B}.Release|Any CPU.Build.0 = Release|Any CPU
	EndGlobalSection
EndGlobal
